
Microsoft Visual Studio Solution File, Format Version 12.00
# Visual Studio Version 16
VisualStudioVersion = 16.0.32126.315
MinimumVisualStudioVersion = 10.0.40219.1
Project("{9A19103F-16F7-4668-BE54-9A1E7A4F7556}") = "SumOfEven", "SumOfEven\SumOfEven.csproj", "{1D8BA135-2801-43BF-9B43-DAA64B7BA668}"
EndProject
Project("{FAE04EC0-301F-11D3-BF4B-00C04F79EFBC}") = "StudentGroup", "StudentGroup\StudentGroup.csproj", "{7B1B5B87-366A-45F9-AC94-727EB548448B}"
EndProject
Global
	GlobalSection(SolutionConfigurationPlatforms) = preSolution
		Debug|Any CPU = Debug|Any CPU
		Release|Any CPU = Release|Any CPU
	EndGlobalSection
	GlobalSection(ProjectConfigurationPlatforms) = postSolution
		{1D8BA135-2801-43BF-9B43-DAA64B7BA668}.Debug|Any CPU.ActiveCfg = Debug|Any CPU
		{1D8BA135-2801-43BF-9B43-DAA64B7BA668}.Debug|Any CPU.Build.0 = Debug|Any CPU
		{1D8BA135-2801-43BF-9B43-DAA64B7BA668}.Release|Any CPU.ActiveCfg = Release|Any CPU
		{1D8BA135-2801-43BF-9B43-DAA64B7BA668}.Release|Any CPU.Build.0 = Release|Any CPU
		{7B1B5B87-366A-45F9-AC94-727EB548448B}.Debug|Any CPU.ActiveCfg = Debug|Any CPU
		{7B1B5B87-366A-45F9-AC94-727EB548448B}.Debug|Any CPU.Build.0 = Debug|Any CPU
		{7B1B5B87-366A-45F9-AC94-727EB548448B}.Release|Any CPU.ActiveCfg = Release|Any CPU
		{7B1B5B87-366A-45F9-AC94-727EB548448B}.Release|Any CPU.Build.0 = Release|Any CPU
	EndGlobalSection
	GlobalSection(SolutionProperties) = preSolution
		HideSolutionNode = FALSE
	EndGlobalSection
	GlobalSection(ExtensibilityGlobals) = postSolution
		SolutionGuid = {14814C45-A315-419C-AE9B-996FFED7DB0C}
	EndGlobalSection
EndGlobal
